
Microsoft Visual Studio Solution File, Format Version 12.00
# Visual Studio Version 16
VisualStudioVersion = 16.0.31019.35
MinimumVisualStudioVersion = 10.0.40219.1
Project("{9A19103F-16F7-4668-BE54-9A1E7A4F7556}") = "BreadcrumbJF", "src\BreadcrumbJF.csproj", "{4AA60759-A62F-4AE1-B417-E996F58F7EDD}"
EndProject
Global
	GlobalSection(SolutionConfigurationPlatforms) = preSolution
		Debug|Any CPU = Debug|Any CPU
		Release|Any CPU = Release|Any CPU
	EndGlobalSection
	GlobalSection(ProjectConfigurationPlatforms) = postSolution
		{4AA60759-A62F-4AE1-B417-E996F58F7EDD}.Debug|Any CPU.ActiveCfg = Debug|Any CPU
		{4AA60759-A62F-4AE1-B417-E996F58F7EDD}.Debug|Any CPU.Build.0 = Debug|Any CPU
		{4AA60759-A62F-4AE1-B417-E996F58F7EDD}.Release|Any CPU.ActiveCfg = Release|Any CPU
		{4AA60759-A62F-4AE1-B417-E996F58F7EDD}.Release|Any CPU.Build.0 = Release|Any CPU
	EndGlobalSection
	GlobalSection(SolutionProperties) = preSolution
		HideSolutionNode = FALSE
	EndGlobalSection
	GlobalSection(ExtensibilityGlobals) = postSolution
		SolutionGuid = {BF24064F-95D9-42A7-8337-258980BB4C8C}
	EndGlobalSection
EndGlobal
